
Microsoft Visual Studio Solution File, Format Version 12.00
# Visual Studio Version 17
VisualStudioVersion = 17.5.002.0
MinimumVisualStudioVersion = 10.0.40219.1
Project("{9A19103F-16F7-4668-BE54-9A1E7A4F7556}") = "OGServer", "OGServer.csproj", "{D5ECBC99-D37E-4D8D-B935-0E8B586BD179}"
EndProject
Global
	GlobalSection(SolutionConfigurationPlatforms) = preSolution
		Debug|Any CPU = Debug|Any CPU
		Release|Any CPU = Release|Any CPU
	EndGlobalSection
	GlobalSection(ProjectConfigurationPlatforms) = postSolution
		{D5ECBC99-D37E-4D8D-B935-0E8B586BD179}.Debug|Any CPU.ActiveCfg = Debug|Any CPU
		{D5ECBC99-D37E-4D8D-B935-0E8B586BD179}.Debug|Any CPU.Build.0 = Debug|Any CPU
		{D5ECBC99-D37E-4D8D-B935-0E8B586BD179}.Release|Any CPU.ActiveCfg = Release|Any CPU
		{D5ECBC99-D37E-4D8D-B935-0E8B586BD179}.Release|Any CPU.Build.0 = Release|Any CPU
	EndGlobalSection
	GlobalSection(SolutionProperties) = preSolution
		HideSolutionNode = FALSE
	EndGlobalSection
	GlobalSection(ExtensibilityGlobals) = postSolution
		SolutionGuid = {C408DC85-5F66-446F-A935-E330FE53D601}
	EndGlobalSection
EndGlobal
